
Microsoft Visual Studio Solution File, Format Version 12.00
# Visual Studio Version 17
VisualStudioVersion = 17.8.34316.72
MinimumVisualStudioVersion = 10.0.40219.1
Project("{9A19103F-16F7-4668-BE54-9A1E7A4F7556}") = "ConsoleAppProjec", "ConsoleAppProjec\ConsoleAppProjec.csproj", "{A99428A6-CF35-465D-BEB8-9D1976724296}"
EndProject
Project("{9A19103F-16F7-4668-BE54-9A1E7A4F7556}") = "PlayWrightNunit", "PlayWrightNunit\PlayWrightNunit.csproj", "{1D6E1F42-0E4C-421D-AB88-59DD5845A448}"
EndProject
Project("{FAE04EC0-301F-11D3-BF4B-00C04F79EFBC}") = "Assignment", "Assignment\Assignment.csproj", "{D0C327A0-6AA1-4E43-A1E8-4E058D55608B}"
EndProject
Global
	GlobalSection(SolutionConfigurationPlatforms) = preSolution
		Debug|Any CPU = Debug|Any CPU
		Release|Any CPU = Release|Any CPU
	EndGlobalSection
	GlobalSection(ProjectConfigurationPlatforms) = postSolution
		{A99428A6-CF35-465D-BEB8-9D1976724296}.Debug|Any CPU.ActiveCfg = Debug|Any CPU
		{A99428A6-CF35-465D-BEB8-9D1976724296}.Debug|Any CPU.Build.0 = Debug|Any CPU
		{A99428A6-CF35-465D-BEB8-9D1976724296}.Release|Any CPU.ActiveCfg = Release|Any CPU
		{A99428A6-CF35-465D-BEB8-9D1976724296}.Release|Any CPU.Build.0 = Release|Any CPU
		{1D6E1F42-0E4C-421D-AB88-59DD5845A448}.Debug|Any CPU.ActiveCfg = Debug|Any CPU
		{1D6E1F42-0E4C-421D-AB88-59DD5845A448}.Debug|Any CPU.Build.0 = Debug|Any CPU
		{1D6E1F42-0E4C-421D-AB88-59DD5845A448}.Release|Any CPU.ActiveCfg = Release|Any CPU
		{1D6E1F42-0E4C-421D-AB88-59DD5845A448}.Release|Any CPU.Build.0 = Release|Any CPU
		{D0C327A0-6AA1-4E43-A1E8-4E058D55608B}.Debug|Any CPU.ActiveCfg = Debug|Any CPU
		{D0C327A0-6AA1-4E43-A1E8-4E058D55608B}.Debug|Any CPU.Build.0 = Debug|Any CPU
		{D0C327A0-6AA1-4E43-A1E8-4E058D55608B}.Release|Any CPU.ActiveCfg = Release|Any CPU
		{D0C327A0-6AA1-4E43-A1E8-4E058D55608B}.Release|Any CPU.Build.0 = Release|Any CPU
	EndGlobalSection
	GlobalSection(SolutionProperties) = preSolution
		HideSolutionNode = FALSE
	EndGlobalSection
	GlobalSection(ExtensibilityGlobals) = postSolution
		SolutionGuid = {183CE066-4D10-4123-A709-990682E87659}
	EndGlobalSection
EndGlobal
